
Microsoft Visual Studio Solution File, Format Version 12.00
# Visual Studio Version 16
VisualStudioVersion = 16.0.31112.23
MinimumVisualStudioVersion = 10.0.40219.1
Project("{9A19103F-16F7-4668-BE54-9A1E7A4F7556}") = "MyPayProject", "MyPayProject\MyPayProject.csproj", "{18DE2AD1-8B95-4526-801E-6A49953A9342}"
EndProject
Project("{FAE04EC0-301F-11D3-BF4B-00C04F79EFBC}") = "MyPayNUnitTestProject", "MyPayNUnitTestProject\MyPayNUnitTestProject.csproj", "{E9812442-96D6-4FB2-8DFB-F1D0CBB98486}"
EndProject
Global
	GlobalSection(SolutionConfigurationPlatforms) = preSolution
		Debug|Any CPU = Debug|Any CPU
		Release|Any CPU = Release|Any CPU
	EndGlobalSection
	GlobalSection(ProjectConfigurationPlatforms) = postSolution
		{18DE2AD1-8B95-4526-801E-6A49953A9342}.Debug|Any CPU.ActiveCfg = Debug|Any CPU
		{18DE2AD1-8B95-4526-801E-6A49953A9342}.Debug|Any CPU.Build.0 = Debug|Any CPU
		{18DE2AD1-8B95-4526-801E-6A49953A9342}.Release|Any CPU.ActiveCfg = Release|Any CPU
		{18DE2AD1-8B95-4526-801E-6A49953A9342}.Release|Any CPU.Build.0 = Release|Any CPU
		{E9812442-96D6-4FB2-8DFB-F1D0CBB98486}.Debug|Any CPU.ActiveCfg = Debug|Any CPU
		{E9812442-96D6-4FB2-8DFB-F1D0CBB98486}.Debug|Any CPU.Build.0 = Debug|Any CPU
		{E9812442-96D6-4FB2-8DFB-F1D0CBB98486}.Release|Any CPU.ActiveCfg = Release|Any CPU
		{E9812442-96D6-4FB2-8DFB-F1D0CBB98486}.Release|Any CPU.Build.0 = Release|Any CPU
	EndGlobalSection
	GlobalSection(SolutionProperties) = preSolution
		HideSolutionNode = FALSE
	EndGlobalSection
	GlobalSection(ExtensibilityGlobals) = postSolution
		SolutionGuid = {7A6D7F64-B070-4A29-A970-5C6504106E4E}
	EndGlobalSection
EndGlobal
